
Microsoft Visual Studio Solution File, Format Version 11.00
# Visual Studio 2010
Project("{FAE04EC0-301F-11D3-BF4B-00C04F79EFBC}") = "ColorSoft.Data.Migrations", "ColorSoft.Data.Migrations\ColorSoft.Data.Migrations.csproj", "{0D9E22AE-8771-426E-A91F-05E355878AA1}"
EndProject
Project("{FAE04EC0-301F-11D3-BF4B-00C04F79EFBC}") = "ColorSoft.Web", "ColorSoft.Web\ColorSoft.Web.csproj", "{04CCC95F-E244-4CE9-880E-0F30EE49676F}"
EndProject
Project("{FAE04EC0-301F-11D3-BF4B-00C04F79EFBC}") = "ColorSoft.Web.Tests", "ColorSoft.Web.Tests\ColorSoft.Web.Tests.csproj", "{858A71E0-9BB7-41A4-9DF1-54C277668462}"
EndProject
Project("{2150E333-8FDC-42A3-9474-1A3956D46DE8}") = ".nuget", ".nuget", "{1717718C-5DC0-4969-87E2-94ADC2AC697A}"
	ProjectSection(SolutionItems) = preProject
		.nuget\NuGet.Config = .nuget\NuGet.Config
		.nuget\NuGet.exe = .nuget\NuGet.exe
		.nuget\NuGet.targets = .nuget\NuGet.targets
		.nuget\packages.config = .nuget\packages.config
	EndProjectSection
EndProject
Project("{2150E333-8FDC-42A3-9474-1A3956D46DE8}") = "tools", "tools", "{E0D9FF1C-6F96-4949-BDCE-F8EE10C91071}"
	ProjectSection(SolutionItems) = preProject
		tools\DbMigrate.psm1 = tools\DbMigrate.psm1
		tools\init.ps1 = tools\init.ps1
		tools\README.txt = tools\README.txt
	EndProjectSection
EndProject
Global
	GlobalSection(SolutionConfigurationPlatforms) = preSolution
		Debug|Any CPU = Debug|Any CPU
		Release|Any CPU = Release|Any CPU
	EndGlobalSection
	GlobalSection(ProjectConfigurationPlatforms) = postSolution
		{0D9E22AE-8771-426E-A91F-05E355878AA1}.Debug|Any CPU.ActiveCfg = Debug|Any CPU
		{0D9E22AE-8771-426E-A91F-05E355878AA1}.Debug|Any CPU.Build.0 = Debug|Any CPU
		{0D9E22AE-8771-426E-A91F-05E355878AA1}.Release|Any CPU.ActiveCfg = Release|Any CPU
		{0D9E22AE-8771-426E-A91F-05E355878AA1}.Release|Any CPU.Build.0 = Release|Any CPU
		{04CCC95F-E244-4CE9-880E-0F30EE49676F}.Debug|Any CPU.ActiveCfg = Debug|Any CPU
		{04CCC95F-E244-4CE9-880E-0F30EE49676F}.Debug|Any CPU.Build.0 = Debug|Any CPU
		{04CCC95F-E244-4CE9-880E-0F30EE49676F}.Release|Any CPU.ActiveCfg = Release|Any CPU
		{04CCC95F-E244-4CE9-880E-0F30EE49676F}.Release|Any CPU.Build.0 = Release|Any CPU
		{858A71E0-9BB7-41A4-9DF1-54C277668462}.Debug|Any CPU.ActiveCfg = Debug|Any CPU
		{858A71E0-9BB7-41A4-9DF1-54C277668462}.Debug|Any CPU.Build.0 = Debug|Any CPU
		{858A71E0-9BB7-41A4-9DF1-54C277668462}.Release|Any CPU.ActiveCfg = Release|Any CPU
		{858A71E0-9BB7-41A4-9DF1-54C277668462}.Release|Any CPU.Build.0 = Release|Any CPU
	EndGlobalSection
	GlobalSection(SolutionProperties) = preSolution
		HideSolutionNode = FALSE
	EndGlobalSection
	GlobalSection(ExtensibilityGlobals) = postSolution
		EnterpriseLibraryConfigurationToolBinariesPath = packages\Unity.2.1.505.2\lib\NET35
	EndGlobalSection
EndGlobal
